PODS:
  - ChameleonFramework (2.1.0):
    - ChameleonFramework/Default (= 2.1.0)
  - ChameleonFramework/Default (2.1.0)
  - Charts (3.1.1):
    - Charts/Core (= 3.1.1)
  - Charts/Core (3.1.1)
  - Hero (1.2.0)
  - IGListKit (3.4.0):
    - IGListKit/Default (= 3.4.0)
  - IGListKit/Default (3.4.0):
    - IGListKit/Diffing
  - IGListKit/Diffing (3.4.0)
  - Macaw (0.9.2):
    - SWXMLHash
  - Onboard (2.3.3)
  - SWXMLHash (4.7.0)

DEPENDENCIES:
  - ChameleonFramework (~> 2.1)
  - Charts (~> 3.1)
  - Hero
  - IGListKit (~> 3.0)
  - Macaw (~> 0.9)
  - Onboard (~> 2.3)

SPEC CHECKSUMS:
  ChameleonFramework: d21a3cc247abfe5e37609a283a8238b03575cf64
  Charts: 90a4d61da0f6e06684c591e3bcab11940fe61736
  Hero: 33dadf2cd1c98af71e213dcbc2902e6e03622a4e
  IGListKit: 7a5d788e9fb746bcd402baa8e8b24bc3bd2a5a07
  Macaw: 6db42cb10c1e018ee940a906b42a1ead5557e080
  Onboard: 4d6e943e20bdd6bc229df967a347dd7514bc2a6f
  SWXMLHash: f4522438189f72b41e39676d19469a8969d60dd1

PODFILE CHECKSUM: 5192f27f375464e4b0ca44cd38d679c9ab6a962f

COCOAPODS: 1.4.0
